// !$*UTF8*$!
{
	archiveVersion = 1;
	classes = {
	};
	objectVersion = 55;
	objects = {

/* Begin PBXBuildFile section */
		A30392282819285A0021D990 /* ContactList_SwiftUIApp.swift in Sources */ = {isa = PBXBuildFile; fileRef = A30392272819285A0021D990 /* ContactList_SwiftUIApp.swift */; };
		A303922A2819285A0021D990 /* ContentView.swift in Sources */ = {isa = PBXBuildFile; fileRef = A30392292819285A0021D990 /* ContentView.swift */; };
		A303922C2819285C0021D990 /* Assets.xcassets in Resources */ = {isa = PBXBuildFile; fileRef = A303922B2819285C0021D990 /* Assets.xcassets */; };
		A303922F2819285C0021D990 /* Preview Assets.xcassets in Resources */ = {isa = PBXBuildFile; fileRef = A303922E2819285C0021D990 /* Preview Assets.xcassets */; };
		A3039236281928B70021D990 /* MainListView.swift in Sources */ = {isa = PBXBuildFile; fileRef = A3039235281928B70021D990 /* MainListView.swift */; };
		A3039238281928C70021D990 /* DetailedListView.swift in Sources */ = {isa = PBXBuildFile; fileRef = A3039237281928C70021D990 /* DetailedListView.swift */; };
		A303923A281981CD0021D990 /* ContactModel.swift in Sources */ = {isa = PBXBuildFile; fileRef = A3039239281981CD0021D990 /* ContactModel.swift */; };
		A303923C281982220021D990 /* ContactViewModel.swift in Sources */ = {isa = PBXBuildFile; fileRef = A303923B281982220021D990 /* ContactViewModel.swift */; };
		A303923E281982860021D990 /* StorageManager.swift in Sources */ = {isa = PBXBuildFile; fileRef = A303923D281982860021D990 /* StorageManager.swift */; };
		A30392402819904C0021D990 /* NewContactView.swift in Sources */ = {isa = PBXBuildFile; fileRef = A303923F2819904C0021D990 /* NewContactView.swift */; };
		A30DD04E2819E01900B56536 /* PersonalInfo.swift in Sources */ = {isa = PBXBuildFile; fileRef = A30DD04D2819E01900B56536 /* PersonalInfo.swift */; };
		A340929F281AE50200D987B8 /* InterfaceModifiers.swift in Sources */ = {isa = PBXBuildFile; fileRef = A340929E281AE50200D987B8 /* InterfaceModifiers.swift */; };
		A34092A1281B0F1600D987B8 /* DataManager.swift in Sources */ = {isa = PBXBuildFile; fileRef = A34092A0281B0F1600D987B8 /* DataManager.swift */; };
/* End PBXBuildFile section */

/* Begin PBXFileReference section */
		A30392242819285A0021D990 /* ContactList SwiftUI.app */ = {isa = PBXFileReference; explicitFileType = wrapper.application; includeInIndex = 0; path = "ContactList SwiftUI.app"; sourceTree = BUILT_PRODUCTS_DIR; };
		A30392272819285A0021D990 /* ContactList_SwiftUIApp.swift */ = {isa = PBXFileReference; lastKnownFileType = sourcecode.swift; path = ContactList_SwiftUIApp.swift; sourceTree = "<group>"; };
		A30392292819285A0021D990 /* ContentView.swift */ = {isa = PBXFileReference; lastKnownFileType = sourcecode.swift; path = ContentView.swift; sourceTree = "<group>"; };
		A303922B2819285C0021D990 /* Assets.xcassets */ = {isa = PBXFileReference; lastKnownFileType = folder.assetcatalog; path = Assets.xcassets; sourceTree = "<group>"; };
		A303922E2819285C0021D990 /* Preview Assets.xcassets */ = {isa = PBXFileReference; lastKnownFileType = folder.assetcatalog; path = "Preview Assets.xcassets"; sourceTree = "<group>"; };
		A3039235281928B70021D990 /* MainListView.swift */ = {isa = PBXFileReference; lastKnownFileType = sourcecode.swift; path = MainListView.swift; sourceTree = "<group>"; };
		A3039237281928C70021D990 /* DetailedListView.swift */ = {isa = PBXFileReference; lastKnownFileType = sourcecode.swift; path = DetailedListView.swift; sourceTree = "<group>"; };
		A3039239281981CD0021D990 /* ContactModel.swift */ = {isa = PBXFileReference; lastKnownFileType = sourcecode.swift; path = ContactModel.swift; sourceTree = "<group>"; };
		A303923B281982220021D990 /* ContactViewModel.swift */ = {isa = PBXFileReference; lastKnownFileType = sourcecode.swift; path = ContactViewModel.swift; sourceTree = "<group>"; };
		A303923D281982860021D990 /* StorageManager.swift */ = {isa = PBXFileReference; lastKnownFileType = sourcecode.swift; path = StorageManager.swift; sourceTree = "<group>"; };
		A303923F2819904C0021D990 /* NewContactView.swift */ = {isa = PBXFileReference; lastKnownFileType = sourcecode.swift; path = NewContactView.swift; sourceTree = "<group>"; };
		A30DD04D2819E01900B56536 /* PersonalInfo.swift */ = {isa = PBXFileReference; lastKnownFileType = sourcecode.swift; path = PersonalInfo.swift; sourceTree = "<group>"; };
		A340929E281AE50200D987B8 /* InterfaceModifiers.swift */ = {isa = PBXFileReference; lastKnownFileType = sourcecode.swift; path = InterfaceModifiers.swift; sourceTree = "<group>"; };
		A34092A0281B0F1600D987B8 /* DataManager.swift */ = {isa = PBXFileReference; lastKnownFileType = sourcecode.swift; path = DataManager.swift; sourceTree = "<group>"; };
/* End PBXFileReference section */

/* Begin PBXFrameworksBuildPhase section */
		A30392212819285A0021D990 /* Frameworks */ = {
			isa = PBXFrameworksBuildPhase;
			buildActionMask = 2147483647;
			files = (
			);
			runOnlyForDeploymentPostprocessing = 0;
		};
/* End PBXFrameworksBuildPhase section */

/* Begin PBXGroup section */
		A303921B2819285A0021D990 = {
			isa = PBXGroup;
			children = (
				A30392262819285A0021D990 /* ContactList SwiftUI */,
				A30392252819285A0021D990 /* Products */,
			);
			sourceTree = "<group>";
		};
		A30392252819285A0021D990 /* Products */ = {
			isa = PBXGroup;
			children = (
				A30392242819285A0021D990 /* ContactList SwiftUI.app */,
			);
			name = Products;
			sourceTree = "<group>";
		};
		A30392262819285A0021D990 /* ContactList SwiftUI */ = {
			isa = PBXGroup;
			children = (
				A3039239281981CD0021D990 /* ContactModel.swift */,
				A303923B281982220021D990 /* ContactViewModel.swift */,
				A3987334281BE24F00CC27B8 /* Managers */,
				A30392272819285A0021D990 /* ContactList_SwiftUIApp.swift */,
				A3987335281BE26200CC27B8 /* Views */,
				A340929E281AE50200D987B8 /* InterfaceModifiers.swift */,
				A303922B2819285C0021D990 /* Assets.xcassets */,
				A303922D2819285C0021D990 /* Preview Content */,
			);
			path = "ContactList SwiftUI";
			sourceTree = "<group>";
		};
		A303922D2819285C0021D990 /* Preview Content */ = {
			isa = PBXGroup;
			children = (
				A303922E2819285C0021D990 /* Preview Assets.xcassets */,
			);
			path = "Preview Content";
			sourceTree = "<group>";
		};
		A3987334281BE24F00CC27B8 /* Managers */ = {
			isa = PBXGroup;
			children = (
				A34092A0281B0F1600D987B8 /* DataManager.swift */,
				A303923D281982860021D990 /* StorageManager.swift */,
			);
			path = Managers;
			sourceTree = "<group>";
		};
		A3987335281BE26200CC27B8 /* Views */ = {
			isa = PBXGroup;
			children = (
				A30392292819285A0021D990 /* ContentView.swift */,
				A3039235281928B70021D990 /* MainListView.swift */,
				A303923F2819904C0021D990 /* NewContactView.swift */,
				A3039237281928C70021D990 /* DetailedListView.swift */,
				A30DD04D2819E01900B56536 /* PersonalInfo.swift */,
			);
			path = Views;
			sourceTree = "<group>";
		};
/* End PBXGroup section */

/* Begin PBXNativeTarget section */
		A30392232819285A0021D990 /* ContactList SwiftUI */ = {
			isa = PBXNativeTarget;
			buildConfigurationList = A30392322819285C0021D990 /* Build configuration list for PBXNativeTarget "ContactList SwiftUI" */;
			buildPhases = (
				A30392202819285A0021D990 /* Sources */,
				A30392212819285A0021D990 /* Frameworks */,
				A30392222819285A0021D990 /* Resources */,
			);
			buildRules = (
			);
			dependencies = (
			);
			name = "ContactList SwiftUI";
			productName = "ContactList SwiftUI";
			productReference = A30392242819285A0021D990 /* ContactList SwiftUI.app */;
			productType = "com.apple.product-type.application";
		};
/* End PBXNativeTarget section */

/* Begin PBXProject section */
		A303921C2819285A0021D990 /* Project object */ = {
			isa = PBXProject;
			attributes = {
				BuildIndependentTargetsInParallel = 1;
				LastSwiftUpdateCheck = 1330;
				LastUpgradeCheck = 1330;
				TargetAttributes = {
					A30392232819285A0021D990 = {
						CreatedOnToolsVersion = 13.3.1;
					};
				};
			};
			buildConfigurationList = A303921F2819285A0021D990 /* Build configuration list for PBXProject "ContactList SwiftUI" */;
			compatibilityVersion = "Xcode 13.0";
			developmentRegion = en;
			hasScannedForEncodings = 0;
			knownRegions = (
				en,
				Base,
			);
			mainGroup = A303921B2819285A0021D990;
			productRefGroup = A30392252819285A0021D990 /* Products */;
			projectDirPath = "";
			projectRoot = "";
			targets = (
				A30392232819285A0021D990 /* ContactList SwiftUI */,
			);
		};
/* End PBXProject section */

/* Begin PBXResourcesBuildPhase section */
		A30392222819285A0021D990 /* Resources */ = {
			isa = PBXResourcesBuildPhase;
			buildActionMask = 2147483647;
			files = (
				A303922F2819285C0021D990 /* Preview Assets.xcassets in Resources */,
				A303922C2819285C0021D990 /* Assets.xcassets in Resources */,
			);
			runOnlyForDeploymentPostprocessing = 0;
		};
/* End PBXResourcesBuildPhase section */

/* Begin PBXSourcesBuildPhase section */
		A30392202819285A0021D990 /* Sources */ = {
			isa = PBXSourcesBuildPhase;
			buildActionMask = 2147483647;
			files = (
				A30392402819904C0021D990 /* NewContactView.swift in Sources */,
				A3039238281928C70021D990 /* DetailedListView.swift in Sources */,
				A303923C281982220021D990 /* ContactViewModel.swift in Sources */,
				A303922A2819285A0021D990 /* ContentView.swift in Sources */,
				A340929F281AE50200D987B8 /* InterfaceModifiers.swift in Sources */,
				A303923E281982860021D990 /* StorageManager.swift in Sources */,
				A3039236281928B70021D990 /* MainListView.swift in Sources */,
				A303923A281981CD0021D990 /* ContactModel.swift in Sources */,
				A34092A1281B0F1600D987B8 /* DataManager.swift in Sources */,
				A30392282819285A0021D990 /* ContactList_SwiftUIApp.swift in Sources */,
				A30DD04E2819E01900B56536 /* PersonalInfo.swift in Sources */,
			);
			runOnlyForDeploymentPostprocessing = 0;
		};
/* End PBXSourcesBuildPhase section */

/* Begin XCBuildConfiguration section */
		A30392302819285C0021D990 /* Debug */ = {
			isa = XCBuildConfiguration;
			buildSettings = {
				ALWAYS_SEARCH_USER_PATHS = NO;
				CLANG_ANALYZER_NONNULL = YES;
				CLANG_ANALYZER_NUMBER_OBJECT_CONVERSION = YES_AGGRESSIVE;
				CLANG_CXX_LANGUAGE_STANDARD = "gnu++17";
				CLANG_ENABLE_MODULES = YES;
				CLANG_ENABLE_OBJC_ARC = YES;
				CLANG_ENABLE_OBJC_WEAK = YES;
				CLANG_WARN_BLOCK_CAPTURE_AUTORELEASING = YES;
				CLANG_WARN_BOOL_CONVERSION = YES;
				CLANG_WARN_COMMA = YES;
				CLANG_WARN_CONSTANT_CONVERSION = YES;
				CLANG_WARN_DEPRECATED_OBJC_IMPLEMENTATIONS = YES;
				CLANG_WARN_DIRECT_OBJC_ISA_USAGE = YES_ERROR;
				CLANG_WARN_DOCUMENTATION_COMMENTS = YES;
				CLANG_WARN_EMPTY_BODY = YES;
				CLANG_WARN_ENUM_CONVERSION = YES;
				CLANG_WARN_INFINITE_RECURSION = YES;
				CLANG_WARN_INT_CONVERSION = YES;
				CLANG_WARN_NON_LITERAL_NULL_CONVERSION = YES;
				CLANG_WARN_OBJC_IMPLICIT_RETAIN_SELF = YES;
				CLANG_WARN_OBJC_LITERAL_CONVERSION = YES;
				CLANG_WARN_OBJC_ROOT_CLASS = YES_ERROR;
				CLANG_WARN_QUOTED_INCLUDE_IN_FRAMEWORK_HEADER = YES;
				CLANG_WARN_RANGE_LOOP_ANALYSIS = YES;
				CLANG_WARN_STRICT_PROTOTYPES = YES;
				CLANG_WARN_SUSPICIOUS_MOVE = YES;
				CLANG_WARN_UNGUARDED_AVAILABILITY = YES_AGGRESSIVE;
				CLANG_WARN_UNREACHABLE_CODE = YES;
				CLANG_WARN__DUPLICATE_METHOD_MATCH = YES;
				COPY_PHASE_STRIP = NO;
				DEBUG_INFORMATION_FORMAT = dwarf;
				ENABLE_STRICT_OBJC_MSGSEND = YES;
				ENABLE_TESTABILITY = YES;
				GCC_C_LANGUAGE_STANDARD = gnu11;
				GCC_DYNAMIC_NO_PIC = NO;
				GCC_NO_COMMON_BLOCKS = YES;
				GCC_OPTIMIZATION_LEVEL = 0;
				GCC_PREPROCESSOR_DEFINITIONS = (
					"DEBUG=1",
					"$(inherited)",
				);
				GCC_WARN_64_TO_32_BIT_CONVERSION = YES;
				GCC_WARN_ABOUT_RETURN_TYPE = YES_ERROR;
				GCC_WARN_UNDECLARED_SELECTOR = YES;
				GCC_WARN_UNINITIALIZED_AUTOS = YES_AGGRESSIVE;
				GCC_WARN_UNUSED_FUNCTION = YES;
				GCC_WARN_UNUSED_VARIABLE = YES;
				IPHONEOS_DEPLOYMENT_TARGET = 15.4;
				MTL_ENABLE_DEBUG_INFO = INCLUDE_SOURCE;
				MTL_FAST_MATH = YES;
				ONLY_ACTIVE_ARCH = YES;
				SDKROOT = iphoneos;
				SWIFT_ACTIVE_COMPILATION_CONDITIONS = DEBUG;
				SWIFT_OPTIMIZATION_LEVEL = "-Onone";
			};
			name = Debug;
		};
		A30392312819285C0021D990 /* Release */ = {
			isa = XCBuildConfiguration;
			buildSettings = {
				ALWAYS_SEARCH_USER_PATHS = NO;
				CLANG_ANALYZER_NONNULL = YES;
				CLANG_ANALYZER_NUMBER_OBJECT_CONVERSION = YES_AGGRESSIVE;
				CLANG_CXX_LANGUAGE_STANDARD = "gnu++17";
				CLANG_ENABLE_MODULES = YES;
				CLANG_ENABLE_OBJC_ARC = YES;
				CLANG_ENABLE_OBJC_WEAK = YES;
				CLANG_WARN_BLOCK_CAPTURE_AUTORELEASING = YES;
				CLANG_WARN_BOOL_CONVERSION = YES;
				CLANG_WARN_COMMA = YES;
				CLANG_WARN_CONSTANT_CONVERSION = YES;
				CLANG_WARN_DEPRECATED_OBJC_IMPLEMENTATIONS = YES;
				CLANG_WARN_DIRECT_OBJC_ISA_USAGE = YES_ERROR;
				CLANG_WARN_DOCUMENTATION_COMMENTS = YES;
				CLANG_WARN_EMPTY_BODY = YES;
				CLANG_WARN_ENUM_CONVERSION = YES;
				CLANG_WARN_INFINITE_RECURSION = YES;
				CLANG_WARN_INT_CONVERSION = YES;
				CLANG_WARN_NON_LITERAL_NULL_CONVERSION = YES;
				CLANG_WARN_OBJC_IMPLICIT_RETAIN_SELF = YES;
				CLANG_WARN_OBJC_LITERAL_CONVERSION = YES;
				CLANG_WARN_OBJC_ROOT_CLASS = YES_ERROR;
				CLANG_WARN_QUOTED_INCLUDE_IN_FRAMEWORK_HEADER = YES;
				CLANG_WARN_RANGE_LOOP_ANALYSIS = YES;
				CLANG_WARN_STRICT_PROTOTYPES = YES;
				CLANG_WARN_SUSPICIOUS_MOVE = YES;
				CLANG_WARN_UNGUARDED_AVAILABILITY = YES_AGGRESSIVE;
				CLANG_WARN_UNREACHABLE_CODE = YES;
				CLANG_WARN__DUPLICATE_METHOD_MATCH = YES;
				COPY_PHASE_STRIP = NO;
				DEBUG_INFORMATION_FORMAT = "dwarf-with-dsym";
				ENABLE_NS_ASSERTIONS = NO;
				ENABLE_STRICT_OBJC_MSGSEND = YES;
				GCC_C_LANGUAGE_STANDARD = gnu11;
				GCC_NO_COMMON_BLOCKS = YES;
				GCC_WARN_64_TO_32_BIT_CONVERSION = YES;
				GCC_WARN_ABOUT_RETURN_TYPE = YES_ERROR;
				GCC_WARN_UNDECLARED_SELECTOR = YES;
				GCC_WARN_UNINITIALIZED_AUTOS = YES_AGGRESSIVE;
				GCC_WARN_UNUSED_FUNCTION = YES;
				GCC_WARN_UNUSED_VARIABLE = YES;
				IPHONEOS_DEPLOYMENT_TARGET = 15.4;
				MTL_ENABLE_DEBUG_INFO = NO;
				MTL_FAST_MATH = YES;
				SDKROOT = iphoneos;
				SWIFT_COMPILATION_MODE = wholemodule;
				SWIFT_OPTIMIZATION_LEVEL = "-O";
				VALIDATE_PRODUCT = YES;
			};
			name = Release;
		};
		A30392332819285C0021D990 /* Debug */ = {
			isa = XCBuildConfiguration;
			buildSettings = {
				ASSETCATALOG_COMPILER_APPICON_NAME = AppIcon;
				ASSETCATALOG_COMPILER_GLOBAL_ACCENT_COLOR_NAME = AccentColor;
				CODE_SIGN_STYLE = Automatic;
				CURRENT_PROJECT_VERSION = 1;
				DEVELOPMENT_ASSET_PATHS = "\"ContactList SwiftUI/Preview Content\"";
				DEVELOPMENT_TEAM = 64V4X3L8W4;
				ENABLE_PREVIEWS = YES;
				GENERATE_INFOPLIST_FILE = YES;
				INFOPLIST_KEY_UIApplicationSceneManifest_Generation = YES;
				INFOPLIST_KEY_UIApplicationSupportsIndirectInputEvents = YES;
				INFOPLIST_KEY_UILaunchScreen_Generation = YES;
				INFOPLIST_KEY_UISupportedInterfaceOrientations_iPad = "UIInterfaceOrientationPortrait UIInterfaceOrientationPortraitUpsideDown UIInterfaceOrientationLandscapeLeft UIInterfaceOrientationLandscapeRight";
				INFOPLIST_KEY_UISupportedInterfaceOrientations_iPhone = "UIInterfaceOrientationPortrait UIInterfaceOrientationLandscapeLeft UIInterfaceOrientationLandscapeRight";
				LD_RUNPATH_SEARCH_PATHS = (
					"$(inherited)",
					"@executable_path/Frameworks",
				);
				MARKETING_VERSION = 1.0;
				PRODUCT_BUNDLE_IDENTIFIER = "com.pleskanev.ContactList-SwiftUI";
				PRODUCT_NAME = "$(TARGET_NAME)";
				SWIFT_EMIT_LOC_STRINGS = YES;
				SWIFT_VERSION = 5.0;
				TARGETED_DEVICE_FAMILY = "1,2";
			};
			name = Debug;
		};
		A30392342819285C0021D990 /* Release */ = {
			isa = XCBuildConfiguration;
			buildSettings = {
				ASSETCATALOG_COMPILER_APPICON_NAME = AppIcon;
				ASSETCATALOG_COMPILER_GLOBAL_ACCENT_COLOR_NAME = AccentColor;
				CODE_SIGN_STYLE = Automatic;
				CURRENT_PROJECT_VERSION = 1;
				DEVELOPMENT_ASSET_PATHS = "\"ContactList SwiftUI/Preview Content\"";
				DEVELOPMENT_TEAM = 64V4X3L8W4;
				ENABLE_PREVIEWS = YES;
				GENERATE_INFOPLIST_FILE = YES;
				INFOPLIST_KEY_UIApplicationSceneManifest_Generation = YES;
				INFOPLIST_KEY_UIApplicationSupportsIndirectInputEvents = YES;
				INFOPLIST_KEY_UILaunchScreen_Generation = YES;
				INFOPLIST_KEY_UISupportedInterfaceOrientations_iPad = "UIInterfaceOrientationPortrait UIInterfaceOrientationPortraitUpsideDown UIInterfaceOrientationLandscapeLeft UIInterfaceOrientationLandscapeRight";
				INFOPLIST_KEY_UISupportedInterfaceOrientations_iPhone = "UIInterfaceOrientationPortrait UIInterfaceOrientationLandscapeLeft UIInterfaceOrientationLandscapeRight";
				LD_RUNPATH_SEARCH_PATHS = (
					"$(inherited)",
					"@executable_path/Frameworks",
				);
				MARKETING_VERSION = 1.0;
				PRODUCT_BUNDLE_IDENTIFIER = "com.pleskanev.ContactList-SwiftUI";
				PRODUCT_NAME = "$(TARGET_NAME)";
				SWIFT_EMIT_LOC_STRINGS = YES;
				SWIFT_VERSION = 5.0;
				TARGETED_DEVICE_FAMILY = "1,2";
			};
			name = Release;
		};
/* End XCBuildConfiguration section */

/* Begin XCConfigurationList section */
		A303921F2819285A0021D990 /* Build configuration list for PBXProject "ContactList SwiftUI" */ = {
			isa = XCConfigurationList;
			buildConfigurations = (
				A30392302819285C0021D990 /* Debug */,
				A30392312819285C0021D990 /* Release */,
			);
			defaultConfigurationIsVisible = 0;
			defaultConfigurationName = Release;
		};
		A30392322819285C0021D990 /* Build configuration list for PBXNativeTarget "ContactList SwiftUI" */ = {
			isa = XCConfigurationList;
			buildConfigurations = (
				A30392332819285C0021D990 /* Debug */,
				A30392342819285C0021D990 /* Release */,
			);
			defaultConfigurationIsVisible = 0;
			defaultConfigurationName = Release;
		};
/* End XCConfigurationList section */
	};
	rootObject = A303921C2819285A0021D990 /* Project object */;
}
